
Microsoft Visual Studio Solution File, Format Version 12.00
# Visual Studio Version 17
VisualStudioVersion = 17.9.34728.123
MinimumVisualStudioVersion = 10.0.40219.1
Project("{FAE04EC0-301F-11D3-BF4B-00C04F79EFBC}") = "RAGAssistant", "RAGAssistant\RAGAssistant.csproj", "{4B90C659-B64B-4DDF-B303-5E87C9911FCD}"
EndProject
Global
	GlobalSection(SolutionConfigurationPlatforms) = preSolution
		Debug|Any CPU = Debug|Any CPU
		Release|Any CPU = Release|Any CPU
	EndGlobalSection
	GlobalSection(ProjectConfigurationPlatforms) = postSolution
		{4B90C659-B64B-4DDF-B303-5E87C9911FCD}.Debug|Any CPU.ActiveCfg = Debug|Any CPU
		{4B90C659-B64B-4DDF-B303-5E87C9911FCD}.Debug|Any CPU.Build.0 = Debug|Any CPU
		{4B90C659-B64B-4DDF-B303-5E87C9911FCD}.Release|Any CPU.ActiveCfg = Release|Any CPU
		{4B90C659-B64B-4DDF-B303-5E87C9911FCD}.Release|Any CPU.Build.0 = Release|Any CPU
	EndGlobalSection
	GlobalSection(SolutionProperties) = preSolution
		HideSolutionNode = FALSE
	EndGlobalSection
	GlobalSection(ExtensibilityGlobals) = postSolution
		SolutionGuid = {19C5ACC8-312B-4B08-8A8E-8B9F077FA897}
	EndGlobalSection
EndGlobal
